
Microsoft Visual Studio Solution File, Format Version 12.00
# Visual Studio Version 17
VisualStudioVersion = 17.14.36414.22 d17.14
MinimumVisualStudioVersion = 10.0.40219.1
Project("{FAE04EC0-301F-11D3-BF4B-00C04F79EFBC}") = "ShoppingApp", "ShoppingApp.csproj", "{B3683DD2-B548-45C9-8E57-0C66FC1BA733}"
EndProject
Global
	GlobalSection(SolutionConfigurationPlatforms) = preSolution
		Debug|Any CPU = Debug|Any CPU
		Release|Any CPU = Release|Any CPU
	EndGlobalSection
	GlobalSection(ProjectConfigurationPlatforms) = postSolution
		{B3683DD2-B548-45C9-8E57-0C66FC1BA733}.Debug|Any CPU.ActiveCfg = Debug|Any CPU
		{B3683DD2-B548-45C9-8E57-0C66FC1BA733}.Debug|Any CPU.Build.0 = Debug|Any CPU
		{B3683DD2-B548-45C9-8E57-0C66FC1BA733}.Release|Any CPU.ActiveCfg = Release|Any CPU
		{B3683DD2-B548-45C9-8E57-0C66FC1BA733}.Release|Any CPU.Build.0 = Release|Any CPU
	EndGlobalSection
	GlobalSection(SolutionProperties) = preSolution
		HideSolutionNode = FALSE
	EndGlobalSection
	GlobalSection(ExtensibilityGlobals) = postSolution
		SolutionGuid = {F532F6E5-CA2B-401E-9CAA-4C5228FA574F}
	EndGlobalSection
EndGlobal
