
Microsoft Visual Studio Solution File, Format Version 12.00
# Visual Studio Version 17
VisualStudioVersion = 17.14.36414.22 d17.14
MinimumVisualStudioVersion = 10.0.40219.1
Project("{FAE04EC0-301F-11D3-BF4B-00C04F79EFBC}") = "DropDownListWork", "DropDownListWork.csproj", "{4900349D-3430-428E-ACE2-EBA0EF7B0E5B}"
EndProject
Global
	GlobalSection(SolutionConfigurationPlatforms) = preSolution
		Debug|Any CPU = Debug|Any CPU
		Release|Any CPU = Release|Any CPU
	EndGlobalSection
	GlobalSection(ProjectConfigurationPlatforms) = postSolution
		{4900349D-3430-428E-ACE2-EBA0EF7B0E5B}.Debug|Any CPU.ActiveCfg = Debug|Any CPU
		{4900349D-3430-428E-ACE2-EBA0EF7B0E5B}.Debug|Any CPU.Build.0 = Debug|Any CPU
		{4900349D-3430-428E-ACE2-EBA0EF7B0E5B}.Release|Any CPU.ActiveCfg = Release|Any CPU
		{4900349D-3430-428E-ACE2-EBA0EF7B0E5B}.Release|Any CPU.Build.0 = Release|Any CPU
	EndGlobalSection
	GlobalSection(SolutionProperties) = preSolution
		HideSolutionNode = FALSE
	EndGlobalSection
	GlobalSection(ExtensibilityGlobals) = postSolution
		SolutionGuid = {B5699590-6931-4DBF-B96F-865A11195BC9}
	EndGlobalSection
EndGlobal
