
Microsoft Visual Studio Solution File, Format Version 12.00
# Visual Studio Version 17
VisualStudioVersion = 17.14.36414.22 d17.14
MinimumVisualStudioVersion = 10.0.40219.1
Project("{FAE04EC0-301F-11D3-BF4B-00C04F79EFBC}") = "WebApplication8", "WebApplication8.csproj", "{9069431B-1855-4BF1-BB7C-71C90CC9666E}"
EndProject
Global
	GlobalSection(SolutionConfigurationPlatforms) = preSolution
		Debug|Any CPU = Debug|Any CPU
		Release|Any CPU = Release|Any CPU
	EndGlobalSection
	GlobalSection(ProjectConfigurationPlatforms) = postSolution
		{9069431B-1855-4BF1-BB7C-71C90CC9666E}.Debug|Any CPU.ActiveCfg = Debug|Any CPU
		{9069431B-1855-4BF1-BB7C-71C90CC9666E}.Debug|Any CPU.Build.0 = Debug|Any CPU
		{9069431B-1855-4BF1-BB7C-71C90CC9666E}.Release|Any CPU.ActiveCfg = Release|Any CPU
		{9069431B-1855-4BF1-BB7C-71C90CC9666E}.Release|Any CPU.Build.0 = Release|Any CPU
	EndGlobalSection
	GlobalSection(SolutionProperties) = preSolution
		HideSolutionNode = FALSE
	EndGlobalSection
	GlobalSection(ExtensibilityGlobals) = postSolution
		SolutionGuid = {97AC1C06-ACC0-4733-9898-A5E9F628D91F}
	EndGlobalSection
EndGlobal
