
Microsoft Visual Studio Solution File, Format Version 12.00
# Visual Studio Version 17
VisualStudioVersion = 17.14.36414.22 d17.14
MinimumVisualStudioVersion = 10.0.40219.1
Project("{FAE04EC0-301F-11D3-BF4B-00C04F79EFBC}") = "WebApplication5", "WebApplication5.csproj", "{00C637AC-2822-4115-8C5B-D42FA765B508}"
EndProject
Global
	GlobalSection(SolutionConfigurationPlatforms) = preSolution
		Debug|Any CPU = Debug|Any CPU
		Release|Any CPU = Release|Any CPU
	EndGlobalSection
	GlobalSection(ProjectConfigurationPlatforms) = postSolution
		{00C637AC-2822-4115-8C5B-D42FA765B508}.Debug|Any CPU.ActiveCfg = Debug|Any CPU
		{00C637AC-2822-4115-8C5B-D42FA765B508}.Debug|Any CPU.Build.0 = Debug|Any CPU
		{00C637AC-2822-4115-8C5B-D42FA765B508}.Release|Any CPU.ActiveCfg = Release|Any CPU
		{00C637AC-2822-4115-8C5B-D42FA765B508}.Release|Any CPU.Build.0 = Release|Any CPU
	EndGlobalSection
	GlobalSection(SolutionProperties) = preSolution
		HideSolutionNode = FALSE
	EndGlobalSection
	GlobalSection(ExtensibilityGlobals) = postSolution
		SolutionGuid = {CBA9F040-15E0-4B4B-A9C4-CCDEB0A2ABF5}
	EndGlobalSection
EndGlobal
