
Microsoft Visual Studio Solution File, Format Version 12.00
# Visual Studio Version 17
VisualStudioVersion = 17.14.36414.22 d17.14
MinimumVisualStudioVersion = 10.0.40219.1
Project("{FAE04EC0-301F-11D3-BF4B-00C04F79EFBC}") = "DropDownList", "DropDownList.csproj", "{526C432E-937C-4609-98CB-9CE71EF7515E}"
EndProject
Global
	GlobalSection(SolutionConfigurationPlatforms) = preSolution
		Debug|Any CPU = Debug|Any CPU
		Release|Any CPU = Release|Any CPU
	EndGlobalSection
	GlobalSection(ProjectConfigurationPlatforms) = postSolution
		{526C432E-937C-4609-98CB-9CE71EF7515E}.Debug|Any CPU.ActiveCfg = Debug|Any CPU
		{526C432E-937C-4609-98CB-9CE71EF7515E}.Debug|Any CPU.Build.0 = Debug|Any CPU
		{526C432E-937C-4609-98CB-9CE71EF7515E}.Release|Any CPU.ActiveCfg = Release|Any CPU
		{526C432E-937C-4609-98CB-9CE71EF7515E}.Release|Any CPU.Build.0 = Release|Any CPU
	EndGlobalSection
	GlobalSection(SolutionProperties) = preSolution
		HideSolutionNode = FALSE
	EndGlobalSection
	GlobalSection(ExtensibilityGlobals) = postSolution
		SolutionGuid = {D8D10A59-B02E-4AD4-8BAF-54C800FD0D0E}
	EndGlobalSection
EndGlobal
