
Microsoft Visual Studio Solution File, Format Version 12.00
# Visual Studio Version 17
VisualStudioVersion = 17.14.36327.8 d17.14
MinimumVisualStudioVersion = 10.0.40219.1
Project("{FAE04EC0-301F-11D3-BF4B-00C04F79EFBC}") = "golu-app", "golu-app.csproj", "{FFDA4A5F-D813-407C-BAEE-FF2AD09FA1B9}"
EndProject
Global
	GlobalSection(SolutionConfigurationPlatforms) = preSolution
		Debug|Any CPU = Debug|Any CPU
		Release|Any CPU = Release|Any CPU
	EndGlobalSection
	GlobalSection(ProjectConfigurationPlatforms) = postSolution
		{FFDA4A5F-D813-407C-BAEE-FF2AD09FA1B9}.Debug|Any CPU.ActiveCfg = Debug|Any CPU
		{FFDA4A5F-D813-407C-BAEE-FF2AD09FA1B9}.Debug|Any CPU.Build.0 = Debug|Any CPU
		{FFDA4A5F-D813-407C-BAEE-FF2AD09FA1B9}.Release|Any CPU.ActiveCfg = Release|Any CPU
		{FFDA4A5F-D813-407C-BAEE-FF2AD09FA1B9}.Release|Any CPU.Build.0 = Release|Any CPU
	EndGlobalSection
	GlobalSection(SolutionProperties) = preSolution
		HideSolutionNode = FALSE
	EndGlobalSection
	GlobalSection(ExtensibilityGlobals) = postSolution
		SolutionGuid = {0F30BC12-B94A-4CB2-9149-E427C7FFCD8F}
	EndGlobalSection
EndGlobal
