
Microsoft Visual Studio Solution File, Format Version 12.00
# Visual Studio Version 17
VisualStudioVersion = 17.14.36414.22 d17.14
MinimumVisualStudioVersion = 10.0.40219.1
Project("{FAE04EC0-301F-11D3-BF4B-00C04F79EFBC}") = "WebApplication9", "WebApplication9.csproj", "{FCC1D5DA-9C27-45C2-8965-4CF4A956BA7A}"
EndProject
Global
	GlobalSection(SolutionConfigurationPlatforms) = preSolution
		Debug|Any CPU = Debug|Any CPU
		Release|Any CPU = Release|Any CPU
	EndGlobalSection
	GlobalSection(ProjectConfigurationPlatforms) = postSolution
		{FCC1D5DA-9C27-45C2-8965-4CF4A956BA7A}.Debug|Any CPU.ActiveCfg = Debug|Any CPU
		{FCC1D5DA-9C27-45C2-8965-4CF4A956BA7A}.Debug|Any CPU.Build.0 = Debug|Any CPU
		{FCC1D5DA-9C27-45C2-8965-4CF4A956BA7A}.Release|Any CPU.ActiveCfg = Release|Any CPU
		{FCC1D5DA-9C27-45C2-8965-4CF4A956BA7A}.Release|Any CPU.Build.0 = Release|Any CPU
	EndGlobalSection
	GlobalSection(SolutionProperties) = preSolution
		HideSolutionNode = FALSE
	EndGlobalSection
	GlobalSection(ExtensibilityGlobals) = postSolution
		SolutionGuid = {72A1F7B8-A9C8-44E5-AD80-142C3595078E}
	EndGlobalSection
EndGlobal
