
Microsoft Visual Studio Solution File, Format Version 12.00
# Visual Studio Version 17
VisualStudioVersion = 17.14.36414.22 d17.14
MinimumVisualStudioVersion = 10.0.40219.1
Project("{FAE04EC0-301F-11D3-BF4B-00C04F79EFBC}") = "UseOfDatabase", "UseOfDatabase.csproj", "{37971A9D-F159-4CB6-923E-31ABC042D627}"
EndProject
Global
	GlobalSection(SolutionConfigurationPlatforms) = preSolution
		Debug|Any CPU = Debug|Any CPU
		Release|Any CPU = Release|Any CPU
	EndGlobalSection
	GlobalSection(ProjectConfigurationPlatforms) = postSolution
		{37971A9D-F159-4CB6-923E-31ABC042D627}.Debug|Any CPU.ActiveCfg = Debug|Any CPU
		{37971A9D-F159-4CB6-923E-31ABC042D627}.Debug|Any CPU.Build.0 = Debug|Any CPU
		{37971A9D-F159-4CB6-923E-31ABC042D627}.Release|Any CPU.ActiveCfg = Release|Any CPU
		{37971A9D-F159-4CB6-923E-31ABC042D627}.Release|Any CPU.Build.0 = Release|Any CPU
	EndGlobalSection
	GlobalSection(SolutionProperties) = preSolution
		HideSolutionNode = FALSE
	EndGlobalSection
	GlobalSection(ExtensibilityGlobals) = postSolution
		SolutionGuid = {7D611351-A945-4404-BCE4-1BD1CED42BD0}
	EndGlobalSection
EndGlobal
