
Microsoft Visual Studio Solution File, Format Version 12.00
# Visual Studio Version 17
VisualStudioVersion = 17.14.36414.22 d17.14
MinimumVisualStudioVersion = 10.0.40219.1
Project("{FAE04EC0-301F-11D3-BF4B-00C04F79EFBC}") = "RanageVailidation", "RanageVailidation.csproj", "{01C5D86D-4478-4D67-BA95-8EDC5E1D21B8}"
EndProject
Global
	GlobalSection(SolutionConfigurationPlatforms) = preSolution
		Debug|Any CPU = Debug|Any CPU
		Release|Any CPU = Release|Any CPU
	EndGlobalSection
	GlobalSection(ProjectConfigurationPlatforms) = postSolution
		{01C5D86D-4478-4D67-BA95-8EDC5E1D21B8}.Debug|Any CPU.ActiveCfg = Debug|Any CPU
		{01C5D86D-4478-4D67-BA95-8EDC5E1D21B8}.Debug|Any CPU.Build.0 = Debug|Any CPU
		{01C5D86D-4478-4D67-BA95-8EDC5E1D21B8}.Release|Any CPU.ActiveCfg = Release|Any CPU
		{01C5D86D-4478-4D67-BA95-8EDC5E1D21B8}.Release|Any CPU.Build.0 = Release|Any CPU
	EndGlobalSection
	GlobalSection(SolutionProperties) = preSolution
		HideSolutionNode = FALSE
	EndGlobalSection
	GlobalSection(ExtensibilityGlobals) = postSolution
		SolutionGuid = {064D6A38-5A7A-40F9-9608-828731A34971}
	EndGlobalSection
EndGlobal
